// !$*UTF8*$!
{
	archiveVersion = 1;
	classes = {
	};
	objectVersion = 55;
	objects = {

/* Begin PBXBuildFile section */
		4C01889027AA89A100E8C4AF /* PalindromeNumber.swift in Sources */ = {isa = PBXBuildFile; fileRef = 4C01888F27AA89A100E8C4AF /* PalindromeNumber.swift */; };
		4C01889227AA8A1200E8C4AF /* PalindromeNumberTests.swift in Sources */ = {isa = PBXBuildFile; fileRef = 4C01889127AA8A1200E8C4AF /* PalindromeNumberTests.swift */; };
		4C01889427AACB8000E8C4AF /* RomanToInteger.swift in Sources */ = {isa = PBXBuildFile; fileRef = 4C01889327AACB8000E8C4AF /* RomanToInteger.swift */; };
		4C01889627AACBA700E8C4AF /* RomanToIntegerTests.swift in Sources */ = {isa = PBXBuildFile; fileRef = 4C01889527AACBA700E8C4AF /* RomanToIntegerTests.swift */; };
		4C01889827B051DC00E8C4AF /* LongestCommonPrefix.swift in Sources */ = {isa = PBXBuildFile; fileRef = 4C01889727B051DC00E8C4AF /* LongestCommonPrefix.swift */; };
		4C01889A27B051EE00E8C4AF /* LongestCommonPrefixTests.swift in Sources */ = {isa = PBXBuildFile; fileRef = 4C01889927B051EE00E8C4AF /* LongestCommonPrefixTests.swift */; };
		4C01889C27B1655F00E8C4AF /* ValidParentheses.swift in Sources */ = {isa = PBXBuildFile; fileRef = 4C01889B27B1655F00E8C4AF /* ValidParentheses.swift */; };
		4C01889E27B169BF00E8C4AF /* ValidParenthesesTests.swift in Sources */ = {isa = PBXBuildFile; fileRef = 4C01889D27B169BF00E8C4AF /* ValidParenthesesTests.swift */; };
		4C0188A027B1994A00E8C4AF /* Stack.swift in Sources */ = {isa = PBXBuildFile; fileRef = 4C01889F27B1994900E8C4AF /* Stack.swift */; };
		4CEA7E9E27A6EAA600B7A9D1 /* AppDelegate.swift in Sources */ = {isa = PBXBuildFile; fileRef = 4CEA7E9D27A6EAA600B7A9D1 /* AppDelegate.swift */; };
		4CEA7EA027A6EAA600B7A9D1 /* SceneDelegate.swift in Sources */ = {isa = PBXBuildFile; fileRef = 4CEA7E9F27A6EAA600B7A9D1 /* SceneDelegate.swift */; };
		4CEA7EA227A6EAA600B7A9D1 /* ViewController.swift in Sources */ = {isa = PBXBuildFile; fileRef = 4CEA7EA127A6EAA600B7A9D1 /* ViewController.swift */; };
		4CEA7EA527A6EAA600B7A9D1 /* Main.storyboard in Resources */ = {isa = PBXBuildFile; fileRef = 4CEA7EA327A6EAA600B7A9D1 /* Main.storyboard */; };
		4CEA7EA727A6EAA700B7A9D1 /* Assets.xcassets in Resources */ = {isa = PBXBuildFile; fileRef = 4CEA7EA627A6EAA700B7A9D1 /* Assets.xcassets */; };
		4CEA7EAA27A6EAA700B7A9D1 /* LaunchScreen.storyboard in Resources */ = {isa = PBXBuildFile; fileRef = 4CEA7EA827A6EAA700B7A9D1 /* LaunchScreen.storyboard */; };
		4CEA7EBF27A6EAA700B7A9D1 /* algorithmsUITests.swift in Sources */ = {isa = PBXBuildFile; fileRef = 4CEA7EBE27A6EAA700B7A9D1 /* algorithmsUITests.swift */; };
		4CEA7EC127A6EAA700B7A9D1 /* algorithmsUITestsLaunchTests.swift in Sources */ = {isa = PBXBuildFile; fileRef = 4CEA7EC027A6EAA700B7A9D1 /* algorithmsUITestsLaunchTests.swift */; };
		4CEA7ED227A7175E00B7A9D1 /* TreeNode.swift in Sources */ = {isa = PBXBuildFile; fileRef = 4CEA7ED127A7175E00B7A9D1 /* TreeNode.swift */; };
		4CEA7ED727A84A7D00B7A9D1 /* SortedLinkedListToBST.swift in Sources */ = {isa = PBXBuildFile; fileRef = 4CEA7ED627A84A7D00B7A9D1 /* SortedLinkedListToBST.swift */; };
		4CEA7ED927A852FD00B7A9D1 /* SortedArrayToBSTTests.swift in Sources */ = {isa = PBXBuildFile; fileRef = 4CEA7ECD27A6EB0000B7A9D1 /* SortedArrayToBSTTests.swift */; };
		4CEA7EDA27A8530100B7A9D1 /* SortedArrayToBST.swift in Sources */ = {isa = PBXBuildFile; fileRef = 4CEA7EB427A6EAA700B7A9D1 /* SortedArrayToBST.swift */; };
		4CEA7EDC27A8532600B7A9D1 /* SortedLinkedListToBSTTests.swift in Sources */ = {isa = PBXBuildFile; fileRef = 4CEA7EDB27A8532600B7A9D1 /* SortedLinkedListToBSTTests.swift */; };
		4CEA7EDE27A8587F00B7A9D1 /* ListNode.swift in Sources */ = {isa = PBXBuildFile; fileRef = 4CEA7EDD27A8587F00B7A9D1 /* ListNode.swift */; };
/* End PBXBuildFile section */

/* Begin PBXContainerItemProxy section */
		4CEA7EB127A6EAA700B7A9D1 /* PBXContainerItemProxy */ = {
			isa = PBXContainerItemProxy;
			containerPortal = 4CEA7E9227A6EAA600B7A9D1 /* Project object */;
			proxyType = 1;
			remoteGlobalIDString = 4CEA7E9927A6EAA600B7A9D1;
			remoteInfo = algorithms;
		};
		4CEA7EBB27A6EAA700B7A9D1 /* PBXContainerItemProxy */ = {
			isa = PBXContainerItemProxy;
			containerPortal = 4CEA7E9227A6EAA600B7A9D1 /* Project object */;
			proxyType = 1;
			remoteGlobalIDString = 4CEA7E9927A6EAA600B7A9D1;
			remoteInfo = algorithms;
		};
/* End PBXContainerItemProxy section */

/* Begin PBXFileReference section */
		4C01888F27AA89A100E8C4AF /* PalindromeNumber.swift */ = {isa = PBXFileReference; lastKnownFileType = sourcecode.swift; path = PalindromeNumber.swift; sourceTree = "<group>"; };
		4C01889127AA8A1200E8C4AF /* PalindromeNumberTests.swift */ = {isa = PBXFileReference; lastKnownFileType = sourcecode.swift; path = PalindromeNumberTests.swift; sourceTree = "<group>"; };
		4C01889327AACB8000E8C4AF /* RomanToInteger.swift */ = {isa = PBXFileReference; lastKnownFileType = sourcecode.swift; path = RomanToInteger.swift; sourceTree = "<group>"; };
		4C01889527AACBA700E8C4AF /* RomanToIntegerTests.swift */ = {isa = PBXFileReference; lastKnownFileType = sourcecode.swift; path = RomanToIntegerTests.swift; sourceTree = "<group>"; };
		4C01889727B051DC00E8C4AF /* LongestCommonPrefix.swift */ = {isa = PBXFileReference; lastKnownFileType = sourcecode.swift; path = LongestCommonPrefix.swift; sourceTree = "<group>"; };
		4C01889927B051EE00E8C4AF /* LongestCommonPrefixTests.swift */ = {isa = PBXFileReference; lastKnownFileType = sourcecode.swift; path = LongestCommonPrefixTests.swift; sourceTree = "<group>"; };
		4C01889B27B1655F00E8C4AF /* ValidParentheses.swift */ = {isa = PBXFileReference; lastKnownFileType = sourcecode.swift; path = ValidParentheses.swift; sourceTree = "<group>"; };
		4C01889D27B169BF00E8C4AF /* ValidParenthesesTests.swift */ = {isa = PBXFileReference; lastKnownFileType = sourcecode.swift; path = ValidParenthesesTests.swift; sourceTree = "<group>"; };
		4C01889F27B1994900E8C4AF /* Stack.swift */ = {isa = PBXFileReference; lastKnownFileType = sourcecode.swift; path = Stack.swift; sourceTree = "<group>"; };
		4CEA7E9A27A6EAA600B7A9D1 /* algorithms.app */ = {isa = PBXFileReference; explicitFileType = wrapper.application; includeInIndex = 0; path = algorithms.app; sourceTree = BUILT_PRODUCTS_DIR; };
		4CEA7E9D27A6EAA600B7A9D1 /* AppDelegate.swift */ = {isa = PBXFileReference; lastKnownFileType = sourcecode.swift; path = AppDelegate.swift; sourceTree = "<group>"; };
		4CEA7E9F27A6EAA600B7A9D1 /* SceneDelegate.swift */ = {isa = PBXFileReference; lastKnownFileType = sourcecode.swift; path = SceneDelegate.swift; sourceTree = "<group>"; };
		4CEA7EA127A6EAA600B7A9D1 /* ViewController.swift */ = {isa = PBXFileReference; lastKnownFileType = sourcecode.swift; path = ViewController.swift; sourceTree = "<group>"; };
		4CEA7EA427A6EAA600B7A9D1 /* Base */ = {isa = PBXFileReference; lastKnownFileType = file.storyboard; name = Base; path = Base.lproj/Main.storyboard; sourceTree = "<group>"; };
		4CEA7EA627A6EAA700B7A9D1 /* Assets.xcassets */ = {isa = PBXFileReference; lastKnownFileType = folder.assetcatalog; path = Assets.xcassets; sourceTree = "<group>"; };
		4CEA7EA927A6EAA700B7A9D1 /* Base */ = {isa = PBXFileReference; lastKnownFileType = file.storyboard; name = Base; path = Base.lproj/LaunchScreen.storyboard; sourceTree = "<group>"; };
		4CEA7EAB27A6EAA700B7A9D1 /* Info.plist */ = {isa = PBXFileReference; lastKnownFileType = text.plist.xml; path = Info.plist; sourceTree = "<group>"; };
		4CEA7EB027A6EAA700B7A9D1 /* algorithmsTests.xctest */ = {isa = PBXFileReference; explicitFileType = wrapper.cfbundle; includeInIndex = 0; path = algorithmsTests.xctest; sourceTree = BUILT_PRODUCTS_DIR; };
		4CEA7EB427A6EAA700B7A9D1 /* SortedArrayToBST.swift */ = {isa = PBXFileReference; lastKnownFileType = sourcecode.swift; name = SortedArrayToBST.swift; path = ../../algorithmsTests/SortedArrayToBST.swift; sourceTree = "<group>"; };
		4CEA7EBA27A6EAA700B7A9D1 /* algorithmsUITests.xctest */ = {isa = PBXFileReference; explicitFileType = wrapper.cfbundle; includeInIndex = 0; path = algorithmsUITests.xctest; sourceTree = BUILT_PRODUCTS_DIR; };
		4CEA7EBE27A6EAA700B7A9D1 /* algorithmsUITests.swift */ = {isa = PBXFileReference; lastKnownFileType = sourcecode.swift; path = algorithmsUITests.swift; sourceTree = "<group>"; };
		4CEA7EC027A6EAA700B7A9D1 /* algorithmsUITestsLaunchTests.swift */ = {isa = PBXFileReference; lastKnownFileType = sourcecode.swift; path = algorithmsUITestsLaunchTests.swift; sourceTree = "<group>"; };
		4CEA7ECD27A6EB0000B7A9D1 /* SortedArrayToBSTTests.swift */ = {isa = PBXFileReference; lastKnownFileType = sourcecode.swift; path = SortedArrayToBSTTests.swift; sourceTree = "<group>"; };
		4CEA7ED127A7175E00B7A9D1 /* TreeNode.swift */ = {isa = PBXFileReference; lastKnownFileType = sourcecode.swift; path = TreeNode.swift; sourceTree = "<group>"; };
		4CEA7ED627A84A7D00B7A9D1 /* SortedLinkedListToBST.swift */ = {isa = PBXFileReference; lastKnownFileType = sourcecode.swift; path = SortedLinkedListToBST.swift; sourceTree = "<group>"; };
		4CEA7EDB27A8532600B7A9D1 /* SortedLinkedListToBSTTests.swift */ = {isa = PBXFileReference; lastKnownFileType = sourcecode.swift; path = SortedLinkedListToBSTTests.swift; sourceTree = "<group>"; };
		4CEA7EDD27A8587F00B7A9D1 /* ListNode.swift */ = {isa = PBXFileReference; lastKnownFileType = sourcecode.swift; path = ListNode.swift; sourceTree = "<group>"; };
/* End PBXFileReference section */

/* Begin PBXFrameworksBuildPhase section */
		4CEA7E9727A6EAA600B7A9D1 /* Frameworks */ = {
			isa = PBXFrameworksBuildPhase;
			buildActionMask = 2147483647;
			files = (
			);
			runOnlyForDeploymentPostprocessing = 0;
		};
		4CEA7EAD27A6EAA700B7A9D1 /* Frameworks */ = {
			isa = PBXFrameworksBuildPhase;
			buildActionMask = 2147483647;
			files = (
			);
			runOnlyForDeploymentPostprocessing = 0;
		};
		4CEA7EB727A6EAA700B7A9D1 /* Frameworks */ = {
			isa = PBXFrameworksBuildPhase;
			buildActionMask = 2147483647;
			files = (
			);
			runOnlyForDeploymentPostprocessing = 0;
		};
/* End PBXFrameworksBuildPhase section */

/* Begin PBXGroup section */
		4CEA7E9127A6EAA600B7A9D1 = {
			isa = PBXGroup;
			children = (
				4CEA7E9C27A6EAA600B7A9D1 /* algorithms */,
				4CEA7EB327A6EAA700B7A9D1 /* algorithmsTests */,
				4CEA7EBD27A6EAA700B7A9D1 /* algorithmsUITests */,
				4CEA7E9B27A6EAA600B7A9D1 /* Products */,
			);
			sourceTree = "<group>";
		};
		4CEA7E9B27A6EAA600B7A9D1 /* Products */ = {
			isa = PBXGroup;
			children = (
				4CEA7E9A27A6EAA600B7A9D1 /* algorithms.app */,
				4CEA7EB027A6EAA700B7A9D1 /* algorithmsTests.xctest */,
				4CEA7EBA27A6EAA700B7A9D1 /* algorithmsUITests.xctest */,
			);
			name = Products;
			sourceTree = "<group>";
		};
		4CEA7E9C27A6EAA600B7A9D1 /* algorithms */ = {
			isa = PBXGroup;
			children = (
				4CEA7EAB27A6EAA700B7A9D1 /* Info.plist */,
				4CEA7ED427A8499100B7A9D1 /* na */,
				4CEA7ED027A6F1C600B7A9D1 /* Leetcode */,
				4CEA7ED327A8497900B7A9D1 /* Helpers */,
			);
			path = algorithms;
			sourceTree = "<group>";
		};
		4CEA7EB327A6EAA700B7A9D1 /* algorithmsTests */ = {
			isa = PBXGroup;
			children = (
				4CEA7ECD27A6EB0000B7A9D1 /* SortedArrayToBSTTests.swift */,
				4CEA7EDB27A8532600B7A9D1 /* SortedLinkedListToBSTTests.swift */,
				4C01889127AA8A1200E8C4AF /* PalindromeNumberTests.swift */,
				4C01889527AACBA700E8C4AF /* RomanToIntegerTests.swift */,
				4C01889927B051EE00E8C4AF /* LongestCommonPrefixTests.swift */,
				4C01889D27B169BF00E8C4AF /* ValidParenthesesTests.swift */,
			);
			path = algorithmsTests;
			sourceTree = "<group>";
		};
		4CEA7EBD27A6EAA700B7A9D1 /* algorithmsUITests */ = {
			isa = PBXGroup;
			children = (
				4CEA7EBE27A6EAA700B7A9D1 /* algorithmsUITests.swift */,
				4CEA7EC027A6EAA700B7A9D1 /* algorithmsUITestsLaunchTests.swift */,
			);
			path = algorithmsUITests;
			sourceTree = "<group>";
		};
		4CEA7ED027A6F1C600B7A9D1 /* Leetcode */ = {
			isa = PBXGroup;
			children = (
				4CEA7EB427A6EAA700B7A9D1 /* SortedArrayToBST.swift */,
				4CEA7ED627A84A7D00B7A9D1 /* SortedLinkedListToBST.swift */,
				4C01888F27AA89A100E8C4AF /* PalindromeNumber.swift */,
				4C01889327AACB8000E8C4AF /* RomanToInteger.swift */,
				4C01889727B051DC00E8C4AF /* LongestCommonPrefix.swift */,
				4C01889B27B1655F00E8C4AF /* ValidParentheses.swift */,
			);
			path = Leetcode;
			sourceTree = "<group>";
		};
		4CEA7ED327A8497900B7A9D1 /* Helpers */ = {
			isa = PBXGroup;
			children = (
				4CEA7ED127A7175E00B7A9D1 /* TreeNode.swift */,
				4CEA7EDD27A8587F00B7A9D1 /* ListNode.swift */,
				4C01889F27B1994900E8C4AF /* Stack.swift */,
			);
			path = Helpers;
			sourceTree = "<group>";
		};
		4CEA7ED427A8499100B7A9D1 /* na */ = {
			isa = PBXGroup;
			children = (
				4CEA7E9D27A6EAA600B7A9D1 /* AppDelegate.swift */,
				4CEA7E9F27A6EAA600B7A9D1 /* SceneDelegate.swift */,
				4CEA7EA127A6EAA600B7A9D1 /* ViewController.swift */,
				4CEA7EA327A6EAA600B7A9D1 /* Main.storyboard */,
				4CEA7EA627A6EAA700B7A9D1 /* Assets.xcassets */,
				4CEA7EA827A6EAA700B7A9D1 /* LaunchScreen.storyboard */,
			);
			path = na;
			sourceTree = "<group>";
		};
/* End PBXGroup section */

/* Begin PBXNativeTarget section */
		4CEA7E9927A6EAA600B7A9D1 /* algorithms */ = {
			isa = PBXNativeTarget;
			buildConfigurationList = 4CEA7EC427A6EAA700B7A9D1 /* Build configuration list for PBXNativeTarget "algorithms" */;
			buildPhases = (
				4CEA7E9627A6EAA600B7A9D1 /* Sources */,
				4CEA7E9727A6EAA600B7A9D1 /* Frameworks */,
				4CEA7E9827A6EAA600B7A9D1 /* Resources */,
			);
			buildRules = (
			);
			dependencies = (
			);
			name = algorithms;
			productName = algorithms;
			productReference = 4CEA7E9A27A6EAA600B7A9D1 /* algorithms.app */;
			productType = "com.apple.product-type.application";
		};
		4CEA7EAF27A6EAA700B7A9D1 /* algorithmsTests */ = {
			isa = PBXNativeTarget;
			buildConfigurationList = 4CEA7EC727A6EAA700B7A9D1 /* Build configuration list for PBXNativeTarget "algorithmsTests" */;
			buildPhases = (
				4CEA7EAC27A6EAA700B7A9D1 /* Sources */,
				4CEA7EAD27A6EAA700B7A9D1 /* Frameworks */,
				4CEA7EAE27A6EAA700B7A9D1 /* Resources */,
			);
			buildRules = (
			);
			dependencies = (
				4CEA7EB227A6EAA700B7A9D1 /* PBXTargetDependency */,
			);
			name = algorithmsTests;
			productName = algorithmsTests;
			productReference = 4CEA7EB027A6EAA700B7A9D1 /* algorithmsTests.xctest */;
			productType = "com.apple.product-type.bundle.unit-test";
		};
		4CEA7EB927A6EAA700B7A9D1 /* algorithmsUITests */ = {
			isa = PBXNativeTarget;
			buildConfigurationList = 4CEA7ECA27A6EAA700B7A9D1 /* Build configuration list for PBXNativeTarget "algorithmsUITests" */;
			buildPhases = (
				4CEA7EB627A6EAA700B7A9D1 /* Sources */,
				4CEA7EB727A6EAA700B7A9D1 /* Frameworks */,
				4CEA7EB827A6EAA700B7A9D1 /* Resources */,
			);
			buildRules = (
			);
			dependencies = (
				4CEA7EBC27A6EAA700B7A9D1 /* PBXTargetDependency */,
			);
			name = algorithmsUITests;
			productName = algorithmsUITests;
			productReference = 4CEA7EBA27A6EAA700B7A9D1 /* algorithmsUITests.xctest */;
			productType = "com.apple.product-type.bundle.ui-testing";
		};
/* End PBXNativeTarget section */

/* Begin PBXProject section */
		4CEA7E9227A6EAA600B7A9D1 /* Project object */ = {
			isa = PBXProject;
			attributes = {
				BuildIndependentTargetsInParallel = 1;
				LastSwiftUpdateCheck = 1320;
				LastUpgradeCheck = 1320;
				TargetAttributes = {
					4CEA7E9927A6EAA600B7A9D1 = {
						CreatedOnToolsVersion = 13.2;
					};
					4CEA7EAF27A6EAA700B7A9D1 = {
						CreatedOnToolsVersion = 13.2;
						TestTargetID = 4CEA7E9927A6EAA600B7A9D1;
					};
					4CEA7EB927A6EAA700B7A9D1 = {
						CreatedOnToolsVersion = 13.2;
						TestTargetID = 4CEA7E9927A6EAA600B7A9D1;
					};
				};
			};
			buildConfigurationList = 4CEA7E9527A6EAA600B7A9D1 /* Build configuration list for PBXProject "algorithms" */;
			compatibilityVersion = "Xcode 13.0";
			developmentRegion = en;
			hasScannedForEncodings = 0;
			knownRegions = (
				en,
				Base,
			);
			mainGroup = 4CEA7E9127A6EAA600B7A9D1;
			productRefGroup = 4CEA7E9B27A6EAA600B7A9D1 /* Products */;
			projectDirPath = "";
			projectRoot = "";
			targets = (
				4CEA7E9927A6EAA600B7A9D1 /* algorithms */,
				4CEA7EAF27A6EAA700B7A9D1 /* algorithmsTests */,
				4CEA7EB927A6EAA700B7A9D1 /* algorithmsUITests */,
			);
		};
/* End PBXProject section */

/* Begin PBXResourcesBuildPhase section */
		4CEA7E9827A6EAA600B7A9D1 /* Resources */ = {
			isa = PBXResourcesBuildPhase;
			buildActionMask = 2147483647;
			files = (
				4CEA7EAA27A6EAA700B7A9D1 /* LaunchScreen.storyboard in Resources */,
				4CEA7EA727A6EAA700B7A9D1 /* Assets.xcassets in Resources */,
				4CEA7EA527A6EAA600B7A9D1 /* Main.storyboard in Resources */,
			);
			runOnlyForDeploymentPostprocessing = 0;
		};
		4CEA7EAE27A6EAA700B7A9D1 /* Resources */ = {
			isa = PBXResourcesBuildPhase;
			buildActionMask = 2147483647;
			files = (
			);
			runOnlyForDeploymentPostprocessing = 0;
		};
		4CEA7EB827A6EAA700B7A9D1 /* Resources */ = {
			isa = PBXResourcesBuildPhase;
			buildActionMask = 2147483647;
			files = (
			);
			runOnlyForDeploymentPostprocessing = 0;
		};
/* End PBXResourcesBuildPhase section */

/* Begin PBXSourcesBuildPhase section */
		4CEA7E9627A6EAA600B7A9D1 /* Sources */ = {
			isa = PBXSourcesBuildPhase;
			buildActionMask = 2147483647;
			files = (
				4CEA7EDE27A8587F00B7A9D1 /* ListNode.swift in Sources */,
				4C01889C27B1655F00E8C4AF /* ValidParentheses.swift in Sources */,
				4C01889827B051DC00E8C4AF /* LongestCommonPrefix.swift in Sources */,
				4CEA7EA227A6EAA600B7A9D1 /* ViewController.swift in Sources */,
				4C0188A027B1994A00E8C4AF /* Stack.swift in Sources */,
				4CEA7ED727A84A7D00B7A9D1 /* SortedLinkedListToBST.swift in Sources */,
				4CEA7E9E27A6EAA600B7A9D1 /* AppDelegate.swift in Sources */,
				4CEA7EDA27A8530100B7A9D1 /* SortedArrayToBST.swift in Sources */,
				4C01889027AA89A100E8C4AF /* PalindromeNumber.swift in Sources */,
				4CEA7ED227A7175E00B7A9D1 /* TreeNode.swift in Sources */,
				4C01889427AACB8000E8C4AF /* RomanToInteger.swift in Sources */,
				4CEA7EA027A6EAA600B7A9D1 /* SceneDelegate.swift in Sources */,
			);
			runOnlyForDeploymentPostprocessing = 0;
		};
		4CEA7EAC27A6EAA700B7A9D1 /* Sources */ = {
			isa = PBXSourcesBuildPhase;
			buildActionMask = 2147483647;
			files = (
				4C01889227AA8A1200E8C4AF /* PalindromeNumberTests.swift in Sources */,
				4C01889A27B051EE00E8C4AF /* LongestCommonPrefixTests.swift in Sources */,
				4C01889627AACBA700E8C4AF /* RomanToIntegerTests.swift in Sources */,
				4C01889E27B169BF00E8C4AF /* ValidParenthesesTests.swift in Sources */,
				4CEA7EDC27A8532600B7A9D1 /* SortedLinkedListToBSTTests.swift in Sources */,
				4CEA7ED927A852FD00B7A9D1 /* SortedArrayToBSTTests.swift in Sources */,
			);
			runOnlyForDeploymentPostprocessing = 0;
		};
		4CEA7EB627A6EAA700B7A9D1 /* Sources */ = {
			isa = PBXSourcesBuildPhase;
			buildActionMask = 2147483647;
			files = (
				4CEA7EC127A6EAA700B7A9D1 /* algorithmsUITestsLaunchTests.swift in Sources */,
				4CEA7EBF27A6EAA700B7A9D1 /* algorithmsUITests.swift in Sources */,
			);
			runOnlyForDeploymentPostprocessing = 0;
		};
/* End PBXSourcesBuildPhase section */

/* Begin PBXTargetDependency section */
		4CEA7EB227A6EAA700B7A9D1 /* PBXTargetDependency */ = {
			isa = PBXTargetDependency;
			target = 4CEA7E9927A6EAA600B7A9D1 /* algorithms */;
			targetProxy = 4CEA7EB127A6EAA700B7A9D1 /* PBXContainerItemProxy */;
		};
		4CEA7EBC27A6EAA700B7A9D1 /* PBXTargetDependency */ = {
			isa = PBXTargetDependency;
			target = 4CEA7E9927A6EAA600B7A9D1 /* algorithms */;
			targetProxy = 4CEA7EBB27A6EAA700B7A9D1 /* PBXContainerItemProxy */;
		};
/* End PBXTargetDependency section */

/* Begin PBXVariantGroup section */
		4CEA7EA327A6EAA600B7A9D1 /* Main.storyboard */ = {
			isa = PBXVariantGroup;
			children = (
				4CEA7EA427A6EAA600B7A9D1 /* Base */,
			);
			name = Main.storyboard;
			sourceTree = "<group>";
		};
		4CEA7EA827A6EAA700B7A9D1 /* LaunchScreen.storyboard */ = {
			isa = PBXVariantGroup;
			children = (
				4CEA7EA927A6EAA700B7A9D1 /* Base */,
			);
			name = LaunchScreen.storyboard;
			sourceTree = "<group>";
		};
/* End PBXVariantGroup section */

/* Begin XCBuildConfiguration section */
		4CEA7EC227A6EAA700B7A9D1 /* Debug */ = {
			isa = XCBuildConfiguration;
			buildSettings = {
				ALWAYS_SEARCH_USER_PATHS = NO;
				CLANG_ANALYZER_NONNULL = YES;
				CLANG_ANALYZER_NUMBER_OBJECT_CONVERSION = YES_AGGRESSIVE;
				CLANG_CXX_LANGUAGE_STANDARD = "gnu++17";
				CLANG_CXX_LIBRARY = "libc++";
				CLANG_ENABLE_MODULES = YES;
				CLANG_ENABLE_OBJC_ARC = YES;
				CLANG_ENABLE_OBJC_WEAK = YES;
				CLANG_WARN_BLOCK_CAPTURE_AUTORELEASING = YES;
				CLANG_WARN_BOOL_CONVERSION = YES;
				CLANG_WARN_COMMA = YES;
				CLANG_WARN_CONSTANT_CONVERSION = YES;
				CLANG_WARN_DEPRECATED_OBJC_IMPLEMENTATIONS = YES;
				CLANG_WARN_DIRECT_OBJC_ISA_USAGE = YES_ERROR;
				CLANG_WARN_DOCUMENTATION_COMMENTS = YES;
				CLANG_WARN_EMPTY_BODY = YES;
				CLANG_WARN_ENUM_CONVERSION = YES;
				CLANG_WARN_INFINITE_RECURSION = YES;
				CLANG_WARN_INT_CONVERSION = YES;
				CLANG_WARN_NON_LITERAL_NULL_CONVERSION = YES;
				CLANG_WARN_OBJC_IMPLICIT_RETAIN_SELF = YES;
				CLANG_WARN_OBJC_LITERAL_CONVERSION = YES;
				CLANG_WARN_OBJC_ROOT_CLASS = YES_ERROR;
				CLANG_WARN_QUOTED_INCLUDE_IN_FRAMEWORK_HEADER = YES;
				CLANG_WARN_RANGE_LOOP_ANALYSIS = YES;
				CLANG_WARN_STRICT_PROTOTYPES = YES;
				CLANG_WARN_SUSPICIOUS_MOVE = YES;
				CLANG_WARN_UNGUARDED_AVAILABILITY = YES_AGGRESSIVE;
				CLANG_WARN_UNREACHABLE_CODE = YES;
				CLANG_WARN__DUPLICATE_METHOD_MATCH = YES;
				COPY_PHASE_STRIP = NO;
				DEBUG_INFORMATION_FORMAT = dwarf;
				ENABLE_STRICT_OBJC_MSGSEND = YES;
				ENABLE_TESTABILITY = YES;
				GCC_C_LANGUAGE_STANDARD = gnu11;
				GCC_DYNAMIC_NO_PIC = NO;
				GCC_NO_COMMON_BLOCKS = YES;
				GCC_OPTIMIZATION_LEVEL = 0;
				GCC_PREPROCESSOR_DEFINITIONS = (
					"DEBUG=1",
					"$(inherited)",
				);
				GCC_WARN_64_TO_32_BIT_CONVERSION = YES;
				GCC_WARN_ABOUT_RETURN_TYPE = YES_ERROR;
				GCC_WARN_UNDECLARED_SELECTOR = YES;
				GCC_WARN_UNINITIALIZED_AUTOS = YES_AGGRESSIVE;
				GCC_WARN_UNUSED_FUNCTION = YES;
				GCC_WARN_UNUSED_VARIABLE = YES;
				IPHONEOS_DEPLOYMENT_TARGET = 13.0;
				MTL_ENABLE_DEBUG_INFO = INCLUDE_SOURCE;
				MTL_FAST_MATH = YES;
				ONLY_ACTIVE_ARCH = YES;
				SDKROOT = iphoneos;
				SWIFT_ACTIVE_COMPILATION_CONDITIONS = DEBUG;
				SWIFT_OPTIMIZATION_LEVEL = "-Onone";
			};
			name = Debug;
		};
		4CEA7EC327A6EAA700B7A9D1 /* Release */ = {
			isa = XCBuildConfiguration;
			buildSettings = {
				ALWAYS_SEARCH_USER_PATHS = NO;
				CLANG_ANALYZER_NONNULL = YES;
				CLANG_ANALYZER_NUMBER_OBJECT_CONVERSION = YES_AGGRESSIVE;
				CLANG_CXX_LANGUAGE_STANDARD = "gnu++17";
				CLANG_CXX_LIBRARY = "libc++";
				CLANG_ENABLE_MODULES = YES;
				CLANG_ENABLE_OBJC_ARC = YES;
				CLANG_ENABLE_OBJC_WEAK = YES;
				CLANG_WARN_BLOCK_CAPTURE_AUTORELEASING = YES;
				CLANG_WARN_BOOL_CONVERSION = YES;
				CLANG_WARN_COMMA = YES;
				CLANG_WARN_CONSTANT_CONVERSION = YES;
				CLANG_WARN_DEPRECATED_OBJC_IMPLEMENTATIONS = YES;
				CLANG_WARN_DIRECT_OBJC_ISA_USAGE = YES_ERROR;
				CLANG_WARN_DOCUMENTATION_COMMENTS = YES;
				CLANG_WARN_EMPTY_BODY = YES;
				CLANG_WARN_ENUM_CONVERSION = YES;
				CLANG_WARN_INFINITE_RECURSION = YES;
				CLANG_WARN_INT_CONVERSION = YES;
				CLANG_WARN_NON_LITERAL_NULL_CONVERSION = YES;
				CLANG_WARN_OBJC_IMPLICIT_RETAIN_SELF = YES;
				CLANG_WARN_OBJC_LITERAL_CONVERSION = YES;
				CLANG_WARN_OBJC_ROOT_CLASS = YES_ERROR;
				CLANG_WARN_QUOTED_INCLUDE_IN_FRAMEWORK_HEADER = YES;
				CLANG_WARN_RANGE_LOOP_ANALYSIS = YES;
				CLANG_WARN_STRICT_PROTOTYPES = YES;
				CLANG_WARN_SUSPICIOUS_MOVE = YES;
				CLANG_WARN_UNGUARDED_AVAILABILITY = YES_AGGRESSIVE;
				CLANG_WARN_UNREACHABLE_CODE = YES;
				CLANG_WARN__DUPLICATE_METHOD_MATCH = YES;
				COPY_PHASE_STRIP = NO;
				DEBUG_INFORMATION_FORMAT = "dwarf-with-dsym";
				ENABLE_NS_ASSERTIONS = NO;
				ENABLE_STRICT_OBJC_MSGSEND = YES;
				GCC_C_LANGUAGE_STANDARD = gnu11;
				GCC_NO_COMMON_BLOCKS = YES;
				GCC_WARN_64_TO_32_BIT_CONVERSION = YES;
				GCC_WARN_ABOUT_RETURN_TYPE = YES_ERROR;
				GCC_WARN_UNDECLARED_SELECTOR = YES;
				GCC_WARN_UNINITIALIZED_AUTOS = YES_AGGRESSIVE;
				GCC_WARN_UNUSED_FUNCTION = YES;
				GCC_WARN_UNUSED_VARIABLE = YES;
				IPHONEOS_DEPLOYMENT_TARGET = 13.0;
				MTL_ENABLE_DEBUG_INFO = NO;
				MTL_FAST_MATH = YES;
				SDKROOT = iphoneos;
				SWIFT_COMPILATION_MODE = wholemodule;
				SWIFT_OPTIMIZATION_LEVEL = "-O";
				VALIDATE_PRODUCT = YES;
			};
			name = Release;
		};
		4CEA7EC527A6EAA700B7A9D1 /* Debug */ = {
			isa = XCBuildConfiguration;
			buildSettings = {
				ASSETCATALOG_COMPILER_APPICON_NAME = AppIcon;
				ASSETCATALOG_COMPILER_GLOBAL_ACCENT_COLOR_NAME = AccentColor;
				CODE_SIGN_STYLE = Automatic;
				CURRENT_PROJECT_VERSION = 1;
				DEVELOPMENT_TEAM = 8QP2H5RNLD;
				GENERATE_INFOPLIST_FILE = YES;
				INFOPLIST_FILE = algorithms/Info.plist;
				INFOPLIST_KEY_UIApplicationSupportsIndirectInputEvents = YES;
				INFOPLIST_KEY_UILaunchStoryboardName = LaunchScreen;
				INFOPLIST_KEY_UIMainStoryboardFile = Main;
				INFOPLIST_KEY_UISupportedInterfaceOrientations_iPad = "UIInterfaceOrientationPortrait UIInterfaceOrientationPortraitUpsideDown UIInterfaceOrientationLandscapeLeft UIInterfaceOrientationLandscapeRight";
				INFOPLIST_KEY_UISupportedInterfaceOrientations_iPhone = "UIInterfaceOrientationPortrait UIInterfaceOrientationLandscapeLeft UIInterfaceOrientationLandscapeRight";
				LD_RUNPATH_SEARCH_PATHS = (
					"$(inherited)",
					"@executable_path/Frameworks",
				);
				MARKETING_VERSION = 1.0;
				PRODUCT_BUNDLE_IDENTIFIER = pires.algorithms;
				PRODUCT_NAME = "$(TARGET_NAME)";
				SWIFT_EMIT_LOC_STRINGS = YES;
				SWIFT_VERSION = 5.0;
				TARGETED_DEVICE_FAMILY = "1,2";
			};
			name = Debug;
		};
		4CEA7EC627A6EAA700B7A9D1 /* Release */ = {
			isa = XCBuildConfiguration;
			buildSettings = {
				ASSETCATALOG_COMPILER_APPICON_NAME = AppIcon;
				ASSETCATALOG_COMPILER_GLOBAL_ACCENT_COLOR_NAME = AccentColor;
				CODE_SIGN_STYLE = Automatic;
				CURRENT_PROJECT_VERSION = 1;
				DEVELOPMENT_TEAM = 8QP2H5RNLD;
				GENERATE_INFOPLIST_FILE = YES;
				INFOPLIST_FILE = algorithms/Info.plist;
				INFOPLIST_KEY_UIApplicationSupportsIndirectInputEvents = YES;
				INFOPLIST_KEY_UILaunchStoryboardName = LaunchScreen;
				INFOPLIST_KEY_UIMainStoryboardFile = Main;
				INFOPLIST_KEY_UISupportedInterfaceOrientations_iPad = "UIInterfaceOrientationPortrait UIInterfaceOrientationPortraitUpsideDown UIInterfaceOrientationLandscapeLeft UIInterfaceOrientationLandscapeRight";
				INFOPLIST_KEY_UISupportedInterfaceOrientations_iPhone = "UIInterfaceOrientationPortrait UIInterfaceOrientationLandscapeLeft UIInterfaceOrientationLandscapeRight";
				LD_RUNPATH_SEARCH_PATHS = (
					"$(inherited)",
					"@executable_path/Frameworks",
				);
				MARKETING_VERSION = 1.0;
				PRODUCT_BUNDLE_IDENTIFIER = pires.algorithms;
				PRODUCT_NAME = "$(TARGET_NAME)";
				SWIFT_EMIT_LOC_STRINGS = YES;
				SWIFT_VERSION = 5.0;
				TARGETED_DEVICE_FAMILY = "1,2";
			};
			name = Release;
		};
		4CEA7EC827A6EAA700B7A9D1 /* Debug */ = {
			isa = XCBuildConfiguration;
			buildSettings = {
				ALWAYS_EMBED_SWIFT_STANDARD_LIBRARIES = YES;
				BUNDLE_LOADER = "$(TEST_HOST)";
				CODE_SIGN_STYLE = Automatic;
				CURRENT_PROJECT_VERSION = 1;
				DEVELOPMENT_TEAM = 8QP2H5RNLD;
				GENERATE_INFOPLIST_FILE = YES;
				MARKETING_VERSION = 1.0;
				PRODUCT_BUNDLE_IDENTIFIER = pires.algorithmsTests;
				PRODUCT_NAME = "$(TARGET_NAME)";
				SWIFT_EMIT_LOC_STRINGS = NO;
				SWIFT_VERSION = 5.0;
				TARGETED_DEVICE_FAMILY = "1,2";
				TEST_HOST = "$(BUILT_PRODUCTS_DIR)/algorithms.app/algorithms";
			};
			name = Debug;
		};
		4CEA7EC927A6EAA700B7A9D1 /* Release */ = {
			isa = XCBuildConfiguration;
			buildSettings = {
				ALWAYS_EMBED_SWIFT_STANDARD_LIBRARIES = YES;
				BUNDLE_LOADER = "$(TEST_HOST)";
				CODE_SIGN_STYLE = Automatic;
				CURRENT_PROJECT_VERSION = 1;
				DEVELOPMENT_TEAM = 8QP2H5RNLD;
				GENERATE_INFOPLIST_FILE = YES;
				MARKETING_VERSION = 1.0;
				PRODUCT_BUNDLE_IDENTIFIER = pires.algorithmsTests;
				PRODUCT_NAME = "$(TARGET_NAME)";
				SWIFT_EMIT_LOC_STRINGS = NO;
				SWIFT_VERSION = 5.0;
				TARGETED_DEVICE_FAMILY = "1,2";
				TEST_HOST = "$(BUILT_PRODUCTS_DIR)/algorithms.app/algorithms";
			};
			name = Release;
		};
		4CEA7ECB27A6EAA700B7A9D1 /* Debug */ = {
			isa = XCBuildConfiguration;
			buildSettings = {
				ALWAYS_EMBED_SWIFT_STANDARD_LIBRARIES = YES;
				CODE_SIGN_STYLE = Automatic;
				CURRENT_PROJECT_VERSION = 1;
				DEVELOPMENT_TEAM = 8QP2H5RNLD;
				GENERATE_INFOPLIST_FILE = YES;
				MARKETING_VERSION = 1.0;
				PRODUCT_BUNDLE_IDENTIFIER = pires.algorithmsUITests;
				PRODUCT_NAME = "$(TARGET_NAME)";
				SWIFT_EMIT_LOC_STRINGS = NO;
				SWIFT_VERSION = 5.0;
				TARGETED_DEVICE_FAMILY = "1,2";
				TEST_TARGET_NAME = algorithms;
			};
			name = Debug;
		};
		4CEA7ECC27A6EAA700B7A9D1 /* Release */ = {
			isa = XCBuildConfiguration;
			buildSettings = {
				ALWAYS_EMBED_SWIFT_STANDARD_LIBRARIES = YES;
				CODE_SIGN_STYLE = Automatic;
				CURRENT_PROJECT_VERSION = 1;
				DEVELOPMENT_TEAM = 8QP2H5RNLD;
				GENERATE_INFOPLIST_FILE = YES;
				MARKETING_VERSION = 1.0;
				PRODUCT_BUNDLE_IDENTIFIER = pires.algorithmsUITests;
				PRODUCT_NAME = "$(TARGET_NAME)";
				SWIFT_EMIT_LOC_STRINGS = NO;
				SWIFT_VERSION = 5.0;
				TARGETED_DEVICE_FAMILY = "1,2";
				TEST_TARGET_NAME = algorithms;
			};
			name = Release;
		};
/* End XCBuildConfiguration section */

/* Begin XCConfigurationList section */
		4CEA7E9527A6EAA600B7A9D1 /* Build configuration list for PBXProject "algorithms" */ = {
			isa = XCConfigurationList;
			buildConfigurations = (
				4CEA7EC227A6EAA700B7A9D1 /* Debug */,
				4CEA7EC327A6EAA700B7A9D1 /* Release */,
			);
			defaultConfigurationIsVisible = 0;
			defaultConfigurationName = Release;
		};
		4CEA7EC427A6EAA700B7A9D1 /* Build configuration list for PBXNativeTarget "algorithms" */ = {
			isa = XCConfigurationList;
			buildConfigurations = (
				4CEA7EC527A6EAA700B7A9D1 /* Debug */,
				4CEA7EC627A6EAA700B7A9D1 /* Release */,
			);
			defaultConfigurationIsVisible = 0;
			defaultConfigurationName = Release;
		};
		4CEA7EC727A6EAA700B7A9D1 /* Build configuration list for PBXNativeTarget "algorithmsTests" */ = {
			isa = XCConfigurationList;
			buildConfigurations = (
				4CEA7EC827A6EAA700B7A9D1 /* Debug */,
				4CEA7EC927A6EAA700B7A9D1 /* Release */,
			);
			defaultConfigurationIsVisible = 0;
			defaultConfigurationName = Release;
		};
		4CEA7ECA27A6EAA700B7A9D1 /* Build configuration list for PBXNativeTarget "algorithmsUITests" */ = {
			isa = XCConfigurationList;
			buildConfigurations = (
				4CEA7ECB27A6EAA700B7A9D1 /* Debug */,
				4CEA7ECC27A6EAA700B7A9D1 /* Release */,
			);
			defaultConfigurationIsVisible = 0;
			defaultConfigurationName = Release;
		};
/* End XCConfigurationList section */
	};
	rootObject = 4CEA7E9227A6EAA600B7A9D1 /* Project object */;
}
